
Microsoft Visual Studio Solution File, Format Version 12.00
# Visual Studio Version 17
VisualStudioVersion = 17.9.34723.18
MinimumVisualStudioVersion = 10.0.40219.1
Project("{FAE04EC0-301F-11D3-BF4B-00C04F79EFBC}") = "RemoveDuplicates", "RemoveDuplicates.csproj", "{0E458F64-0803-4243-8BC1-C4B8F1103B07}"
EndProject
Global
	GlobalSection(SolutionConfigurationPlatforms) = preSolution
		Debug|Any CPU = Debug|Any CPU
		Release|Any CPU = Release|Any CPU
	EndGlobalSection
	GlobalSection(ProjectConfigurationPlatforms) = postSolution
		{0E458F64-0803-4243-8BC1-C4B8F1103B07}.Debug|Any CPU.ActiveCfg = Debug|Any CPU
		{0E458F64-0803-4243-8BC1-C4B8F1103B07}.Debug|Any CPU.Build.0 = Debug|Any CPU
		{0E458F64-0803-4243-8BC1-C4B8F1103B07}.Release|Any CPU.ActiveCfg = Release|Any CPU
		{0E458F64-0803-4243-8BC1-C4B8F1103B07}.Release|Any CPU.Build.0 = Release|Any CPU
	EndGlobalSection
	GlobalSection(SolutionProperties) = preSolution
		HideSolutionNode = FALSE
	EndGlobalSection
	GlobalSection(ExtensibilityGlobals) = postSolution
		SolutionGuid = {84BC82FA-1DA6-401D-A326-FE44567D7571}
	EndGlobalSection
EndGlobal
