
Microsoft Visual Studio Solution File, Format Version 12.00
# Visual Studio Version 17
VisualStudioVersion = 17.9.34723.18
MinimumVisualStudioVersion = 10.0.40219.1
Project("{FAE04EC0-301F-11D3-BF4B-00C04F79EFBC}") = "Overriding", "Overriding.csproj", "{539EB3E1-FFA1-4522-8686-DE4CE9E53BEB}"
EndProject
Global
	GlobalSection(SolutionConfigurationPlatforms) = preSolution
		Debug|Any CPU = Debug|Any CPU
		Release|Any CPU = Release|Any CPU
	EndGlobalSection
	GlobalSection(ProjectConfigurationPlatforms) = postSolution
		{539EB3E1-FFA1-4522-8686-DE4CE9E53BEB}.Debug|Any CPU.ActiveCfg = Debug|Any CPU
		{539EB3E1-FFA1-4522-8686-DE4CE9E53BEB}.Debug|Any CPU.Build.0 = Debug|Any CPU
		{539EB3E1-FFA1-4522-8686-DE4CE9E53BEB}.Release|Any CPU.ActiveCfg = Release|Any CPU
		{539EB3E1-FFA1-4522-8686-DE4CE9E53BEB}.Release|Any CPU.Build.0 = Release|Any CPU
	EndGlobalSection
	GlobalSection(SolutionProperties) = preSolution
		HideSolutionNode = FALSE
	EndGlobalSection
	GlobalSection(ExtensibilityGlobals) = postSolution
		SolutionGuid = {222CD872-8824-4969-9E73-A1273D08B24A}
	EndGlobalSection
EndGlobal
