
Microsoft Visual Studio Solution File, Format Version 12.00
# Visual Studio Version 17
VisualStudioVersion = 17.9.34723.18
MinimumVisualStudioVersion = 10.0.40219.1
Project("{FAE04EC0-301F-11D3-BF4B-00C04F79EFBC}") = "ElectricityBill", "ElectricityBill.csproj", "{870A1C2B-92EF-48E2-9572-AF64209A83BD}"
EndProject
Global
	GlobalSection(SolutionConfigurationPlatforms) = preSolution
		Debug|Any CPU = Debug|Any CPU
		Release|Any CPU = Release|Any CPU
	EndGlobalSection
	GlobalSection(ProjectConfigurationPlatforms) = postSolution
		{870A1C2B-92EF-48E2-9572-AF64209A83BD}.Debug|Any CPU.ActiveCfg = Debug|Any CPU
		{870A1C2B-92EF-48E2-9572-AF64209A83BD}.Debug|Any CPU.Build.0 = Debug|Any CPU
		{870A1C2B-92EF-48E2-9572-AF64209A83BD}.Release|Any CPU.ActiveCfg = Release|Any CPU
		{870A1C2B-92EF-48E2-9572-AF64209A83BD}.Release|Any CPU.Build.0 = Release|Any CPU
	EndGlobalSection
	GlobalSection(SolutionProperties) = preSolution
		HideSolutionNode = FALSE
	EndGlobalSection
	GlobalSection(ExtensibilityGlobals) = postSolution
		SolutionGuid = {FFA6F7D8-43DE-4FB0-9B64-16E13D4E3904}
	EndGlobalSection
EndGlobal
