
Microsoft Visual Studio Solution File, Format Version 12.00
# Visual Studio Version 17
VisualStudioVersion = 17.9.34723.18
MinimumVisualStudioVersion = 10.0.40219.1
Project("{FAE04EC0-301F-11D3-BF4B-00C04F79EFBC}") = "DiamondShape", "DiamondShape.csproj", "{E420DC96-330E-4E62-8CAE-DEF7E3D87504}"
EndProject
Global
	GlobalSection(SolutionConfigurationPlatforms) = preSolution
		Debug|Any CPU = Debug|Any CPU
		Release|Any CPU = Release|Any CPU
	EndGlobalSection
	GlobalSection(ProjectConfigurationPlatforms) = postSolution
		{E420DC96-330E-4E62-8CAE-DEF7E3D87504}.Debug|Any CPU.ActiveCfg = Debug|Any CPU
		{E420DC96-330E-4E62-8CAE-DEF7E3D87504}.Debug|Any CPU.Build.0 = Debug|Any CPU
		{E420DC96-330E-4E62-8CAE-DEF7E3D87504}.Release|Any CPU.ActiveCfg = Release|Any CPU
		{E420DC96-330E-4E62-8CAE-DEF7E3D87504}.Release|Any CPU.Build.0 = Release|Any CPU
	EndGlobalSection
	GlobalSection(SolutionProperties) = preSolution
		HideSolutionNode = FALSE
	EndGlobalSection
	GlobalSection(ExtensibilityGlobals) = postSolution
		SolutionGuid = {9C74F0CF-B375-4791-A0BA-305E3D6F149D}
	EndGlobalSection
EndGlobal
